
Microsoft Visual Studio Solution File, Format Version 12.00
# Visual Studio Version 17
VisualStudioVersion = 17.0.32112.339
MinimumVisualStudioVersion = 10.0.40219.1
Project("{2150E333-8FDC-42A3-9474-1A3956D46DE8}") = "src", "src", "{7C83E5A3-549E-40BC-92F1-F307833231E2}"
EndProject
Project("{2150E333-8FDC-42A3-9474-1A3956D46DE8}") = "tests", "tests", "{98B430B1-D2F0-4B6D-AC60-C3C1497F31D6}"
EndProject
Project("{9A19103F-16F7-4668-BE54-9A1E7A4F7556}") = "Homesite.Domain", "src\Homesite.Domain\Homesite.Domain.csproj", "{2B7D835B-A8CB-4703-9563-4D00C6258568}"
EndProject
Project("{9A19103F-16F7-4668-BE54-9A1E7A4F7556}") = "Homesite.Application", "src\Homesite.Application\Homesite.Application.csproj", "{8E0A7282-E917-4E33-BCC8-3E6873977195}"
EndProject
Project("{9A19103F-16F7-4668-BE54-9A1E7A4F7556}") = "Homesite.Infrastructure", "src\Homesite.Infrastructure\Homesite.Infrastructure.csproj", "{8D704DA7-51D3-4A14-A77A-CEF0A701661A}"
EndProject
Project("{9A19103F-16F7-4668-BE54-9A1E7A4F7556}") = "Homesite.Web", "src\Homesite.Web\Homesite.Web.csproj", "{AB27FFFC-F689-498D-BBDC-1CB662885F19}"
EndProject
Project("{9A19103F-16F7-4668-BE54-9A1E7A4F7556}") = "Homesite.Infrastructure.Tests", "tests\Homesite.Infrastructure.Tests\Homesite.Infrastructure.Tests.csproj", "{F33B42DB-2708-4DEA-BA20-1B7C22633DBE}"
EndProject
Project("{2150E333-8FDC-42A3-9474-1A3956D46DE8}") = "scripts", "scripts", "{B9786CC0-92D3-4B42-8603-CD47034F46B3}"
	ProjectSection(SolutionItems) = preProject
		scripts\resetDatabaseMigrationState.ps1 = scripts\resetDatabaseMigrationState.ps1
	EndProjectSection
EndProject
Project("{9A19103F-16F7-4668-BE54-9A1E7A4F7556}") = "TestUtilities", "tests\TestUtilities\TestUtilities.csproj", "{00EE9F31-277E-4F43-B34C-6E5CC8A73BED}"
EndProject
Global
	GlobalSection(SolutionConfigurationPlatforms) = preSolution
		Debug|Any CPU = Debug|Any CPU
		Release|Any CPU = Release|Any CPU
	EndGlobalSection
	GlobalSection(ProjectConfigurationPlatforms) = postSolution
		{2B7D835B-A8CB-4703-9563-4D00C6258568}.Debug|Any CPU.ActiveCfg = Debug|Any CPU
		{2B7D835B-A8CB-4703-9563-4D00C6258568}.Debug|Any CPU.Build.0 = Debug|Any CPU
		{2B7D835B-A8CB-4703-9563-4D00C6258568}.Release|Any CPU.ActiveCfg = Release|Any CPU
		{2B7D835B-A8CB-4703-9563-4D00C6258568}.Release|Any CPU.Build.0 = Release|Any CPU
		{8E0A7282-E917-4E33-BCC8-3E6873977195}.Debug|Any CPU.ActiveCfg = Debug|Any CPU
		{8E0A7282-E917-4E33-BCC8-3E6873977195}.Debug|Any CPU.Build.0 = Debug|Any CPU
		{8E0A7282-E917-4E33-BCC8-3E6873977195}.Release|Any CPU.ActiveCfg = Release|Any CPU
		{8E0A7282-E917-4E33-BCC8-3E6873977195}.Release|Any CPU.Build.0 = Release|Any CPU
		{8D704DA7-51D3-4A14-A77A-CEF0A701661A}.Debug|Any CPU.ActiveCfg = Debug|Any CPU
		{8D704DA7-51D3-4A14-A77A-CEF0A701661A}.Debug|Any CPU.Build.0 = Debug|Any CPU
		{8D704DA7-51D3-4A14-A77A-CEF0A701661A}.Release|Any CPU.ActiveCfg = Release|Any CPU
		{8D704DA7-51D3-4A14-A77A-CEF0A701661A}.Release|Any CPU.Build.0 = Release|Any CPU
		{AB27FFFC-F689-498D-BBDC-1CB662885F19}.Debug|Any CPU.ActiveCfg = Debug|Any CPU
		{AB27FFFC-F689-498D-BBDC-1CB662885F19}.Debug|Any CPU.Build.0 = Debug|Any CPU
		{AB27FFFC-F689-498D-BBDC-1CB662885F19}.Release|Any CPU.ActiveCfg = Release|Any CPU
		{AB27FFFC-F689-498D-BBDC-1CB662885F19}.Release|Any CPU.Build.0 = Release|Any CPU
		{F33B42DB-2708-4DEA-BA20-1B7C22633DBE}.Debug|Any CPU.ActiveCfg = Debug|Any CPU
		{F33B42DB-2708-4DEA-BA20-1B7C22633DBE}.Debug|Any CPU.Build.0 = Debug|Any CPU
		{F33B42DB-2708-4DEA-BA20-1B7C22633DBE}.Release|Any CPU.ActiveCfg = Release|Any CPU
		{F33B42DB-2708-4DEA-BA20-1B7C22633DBE}.Release|Any CPU.Build.0 = Release|Any CPU
		{00EE9F31-277E-4F43-B34C-6E5CC8A73BED}.Debug|Any CPU.ActiveCfg = Debug|Any CPU
		{00EE9F31-277E-4F43-B34C-6E5CC8A73BED}.Debug|Any CPU.Build.0 = Debug|Any CPU
		{00EE9F31-277E-4F43-B34C-6E5CC8A73BED}.Release|Any CPU.ActiveCfg = Release|Any CPU
		{00EE9F31-277E-4F43-B34C-6E5CC8A73BED}.Release|Any CPU.Build.0 = Release|Any CPU
	EndGlobalSection
	GlobalSection(SolutionProperties) = preSolution
		HideSolutionNode = FALSE
	EndGlobalSection
	GlobalSection(NestedProjects) = preSolution
		{2B7D835B-A8CB-4703-9563-4D00C6258568} = {7C83E5A3-549E-40BC-92F1-F307833231E2}
		{8E0A7282-E917-4E33-BCC8-3E6873977195} = {7C83E5A3-549E-40BC-92F1-F307833231E2}
		{8D704DA7-51D3-4A14-A77A-CEF0A701661A} = {7C83E5A3-549E-40BC-92F1-F307833231E2}
		{AB27FFFC-F689-498D-BBDC-1CB662885F19} = {7C83E5A3-549E-40BC-92F1-F307833231E2}
		{F33B42DB-2708-4DEA-BA20-1B7C22633DBE} = {98B430B1-D2F0-4B6D-AC60-C3C1497F31D6}
		{00EE9F31-277E-4F43-B34C-6E5CC8A73BED} = {98B430B1-D2F0-4B6D-AC60-C3C1497F31D6}
	EndGlobalSection
	GlobalSection(ExtensibilityGlobals) = postSolution
		SolutionGuid = {EEE96E37-E5BF-46BD-A267-F37CE9FF50B8}
	EndGlobalSection
EndGlobal
